
Microsoft Visual Studio Solution File, Format Version 12.00
# Visual Studio Version 17
VisualStudioVersion = 17.5.002.0
MinimumVisualStudioVersion = 10.0.40219.1
Project("{9A19103F-16F7-4668-BE54-9A1E7A4F7556}") = "NetUrlShortener", "NetUrlShortener.csproj", "{F65A8CA7-28A1-4F07-9110-097B3A1699BF}"
EndProject
Global
	GlobalSection(SolutionConfigurationPlatforms) = preSolution
		Debug|Any CPU = Debug|Any CPU
		Release|Any CPU = Release|Any CPU
	EndGlobalSection
	GlobalSection(ProjectConfigurationPlatforms) = postSolution
		{F65A8CA7-28A1-4F07-9110-097B3A1699BF}.Debug|Any CPU.ActiveCfg = Debug|Any CPU
		{F65A8CA7-28A1-4F07-9110-097B3A1699BF}.Debug|Any CPU.Build.0 = Debug|Any CPU
		{F65A8CA7-28A1-4F07-9110-097B3A1699BF}.Release|Any CPU.ActiveCfg = Release|Any CPU
		{F65A8CA7-28A1-4F07-9110-097B3A1699BF}.Release|Any CPU.Build.0 = Release|Any CPU
	EndGlobalSection
	GlobalSection(SolutionProperties) = preSolution
		HideSolutionNode = FALSE
	EndGlobalSection
	GlobalSection(ExtensibilityGlobals) = postSolution
		SolutionGuid = {2FA747BB-0FFC-462C-9882-699AE2CC3610}
	EndGlobalSection
EndGlobal
